// !$*UTF8*$!
{
	archiveVersion = 1;
	classes = {
	};
	objectVersion = 50;
	objects = {

/* Begin PBXBuildFile section */
		A6D42A5E24BBFBC400EE7D9C /* AppDelegate.m in Sources */ = {isa = PBXBuildFile; fileRef = A6D42A5D24BBFBC400EE7D9C /* AppDelegate.m */; };
		A6D42A6124BBFBC400EE7D9C /* SceneDelegate.m in Sources */ = {isa = PBXBuildFile; fileRef = A6D42A6024BBFBC400EE7D9C /* SceneDelegate.m */; };
		A6D42A6424BBFBC400EE7D9C /* ViewController.m in Sources */ = {isa = PBXBuildFile; fileRef = A6D42A6324BBFBC400EE7D9C /* ViewController.m */; };
		A6D42A6724BBFBC400EE7D9C /* Main.storyboard in Resources */ = {isa = PBXBuildFile; fileRef = A6D42A6524BBFBC400EE7D9C /* Main.storyboard */; };
		A6D42A6924BBFBC500EE7D9C /* Assets.xcassets in Resources */ = {isa = PBXBuildFile; fileRef = A6D42A6824BBFBC500EE7D9C /* Assets.xcassets */; };
		A6D42A6C24BBFBC500EE7D9C /* LaunchScreen.storyboard in Resources */ = {isa = PBXBuildFile; fileRef = A6D42A6A24BBFBC500EE7D9C /* LaunchScreen.storyboard */; };
		A6D42A6F24BBFBC500EE7D9C /* main.m in Sources */ = {isa = PBXBuildFile; fileRef = A6D42A6E24BBFBC500EE7D9C /* main.m */; };
/* End PBXBuildFile section */

/* Begin PBXFileReference section */
		A6D42A5924BBFBC400EE7D9C /* Isa-swizzling.app */ = {isa = PBXFileReference; explicitFileType = wrapper.application; includeInIndex = 0; path = "Isa-swizzling.app"; sourceTree = BUILT_PRODUCTS_DIR; };
		A6D42A5C24BBFBC400EE7D9C /* AppDelegate.h */ = {isa = PBXFileReference; lastKnownFileType = sourcecode.c.h; path = AppDelegate.h; sourceTree = "<group>"; };
		A6D42A5D24BBFBC400EE7D9C /* AppDelegate.m */ = {isa = PBXFileReference; lastKnownFileType = sourcecode.c.objc; path = AppDelegate.m; sourceTree = "<group>"; };
		A6D42A5F24BBFBC400EE7D9C /* SceneDelegate.h */ = {isa = PBXFileReference; lastKnownFileType = sourcecode.c.h; path = SceneDelegate.h; sourceTree = "<group>"; };
		A6D42A6024BBFBC400EE7D9C /* SceneDelegate.m */ = {isa = PBXFileReference; lastKnownFileType = sourcecode.c.objc; path = SceneDelegate.m; sourceTree = "<group>"; };
		A6D42A6224BBFBC400EE7D9C /* ViewController.h */ = {isa = PBXFileReference; lastKnownFileType = sourcecode.c.h; path = ViewController.h; sourceTree = "<group>"; };
		A6D42A6324BBFBC400EE7D9C /* ViewController.m */ = {isa = PBXFileReference; lastKnownFileType = sourcecode.c.objc; path = ViewController.m; sourceTree = "<group>"; };
		A6D42A6624BBFBC400EE7D9C /* Base */ = {isa = PBXFileReference; lastKnownFileType = file.storyboard; name = Base; path = Base.lproj/Main.storyboard; sourceTree = "<group>"; };
		A6D42A6824BBFBC500EE7D9C /* Assets.xcassets */ = {isa = PBXFileReference; lastKnownFileType = folder.assetcatalog; path = Assets.xcassets; sourceTree = "<group>"; };
		A6D42A6B24BBFBC500EE7D9C /* Base */ = {isa = PBXFileReference; lastKnownFileType = file.storyboard; name = Base; path = Base.lproj/LaunchScreen.storyboard; sourceTree = "<group>"; };
		A6D42A6D24BBFBC500EE7D9C /* Info.plist */ = {isa = PBXFileReference; lastKnownFileType = text.plist.xml; path = Info.plist; sourceTree = "<group>"; };
		A6D42A6E24BBFBC500EE7D9C /* main.m */ = {isa = PBXFileReference; lastKnownFileType = sourcecode.c.objc; path = main.m; sourceTree = "<group>"; };
/* End PBXFileReference section */

/* Begin PBXFrameworksBuildPhase section */
		A6D42A5624BBFBC400EE7D9C /* Frameworks */ = {
			isa = PBXFrameworksBuildPhase;
			buildActionMask = 2147483647;
			files = (
			);
			runOnlyForDeploymentPostprocessing = 0;
		};
/* End PBXFrameworksBuildPhase section */

/* Begin PBXGroup section */
		A6D42A5024BBFBC400EE7D9C = {
			isa = PBXGroup;
			children = (
				A6D42A5B24BBFBC400EE7D9C /* Isa-swizzling */,
				A6D42A5A24BBFBC400EE7D9C /* Products */,
			);
			sourceTree = "<group>";
		};
		A6D42A5A24BBFBC400EE7D9C /* Products */ = {
			isa = PBXGroup;
			children = (
				A6D42A5924BBFBC400EE7D9C /* Isa-swizzling.app */,
			);
			name = Products;
			sourceTree = "<group>";
		};
		A6D42A5B24BBFBC400EE7D9C /* Isa-swizzling */ = {
			isa = PBXGroup;
			children = (
				A6D42A5C24BBFBC400EE7D9C /* AppDelegate.h */,
				A6D42A5D24BBFBC400EE7D9C /* AppDelegate.m */,
				A6D42A5F24BBFBC400EE7D9C /* SceneDelegate.h */,
				A6D42A6024BBFBC400EE7D9C /* SceneDelegate.m */,
				A6D42A6224BBFBC400EE7D9C /* ViewController.h */,
				A6D42A6324BBFBC400EE7D9C /* ViewController.m */,
				A6D42A6524BBFBC400EE7D9C /* Main.storyboard */,
				A6D42A6824BBFBC500EE7D9C /* Assets.xcassets */,
				A6D42A6A24BBFBC500EE7D9C /* LaunchScreen.storyboard */,
				A6D42A6D24BBFBC500EE7D9C /* Info.plist */,
				A6D42A6E24BBFBC500EE7D9C /* main.m */,
			);
			path = "Isa-swizzling";
			sourceTree = "<group>";
		};
/* End PBXGroup section */

/* Begin PBXNativeTarget section */
		A6D42A5824BBFBC400EE7D9C /* Isa-swizzling */ = {
			isa = PBXNativeTarget;
			buildConfigurationList = A6D42A7224BBFBC500EE7D9C /* Build configuration list for PBXNativeTarget "Isa-swizzling" */;
			buildPhases = (
				A6D42A5524BBFBC400EE7D9C /* Sources */,
				A6D42A5624BBFBC400EE7D9C /* Frameworks */,
				A6D42A5724BBFBC400EE7D9C /* Resources */,
			);
			buildRules = (
			);
			dependencies = (
			);
			name = "Isa-swizzling";
			productName = "Isa-swizzling";
			productReference = A6D42A5924BBFBC400EE7D9C /* Isa-swizzling.app */;
			productType = "com.apple.product-type.application";
		};
/* End PBXNativeTarget section */

/* Begin PBXProject section */
		A6D42A5124BBFBC400EE7D9C /* Project object */ = {
			isa = PBXProject;
			attributes = {
				LastUpgradeCheck = 1150;
				ORGANIZATIONNAME = ldd;
				TargetAttributes = {
					A6D42A5824BBFBC400EE7D9C = {
						CreatedOnToolsVersion = 11.5;
					};
				};
			};
			buildConfigurationList = A6D42A5424BBFBC400EE7D9C /* Build configuration list for PBXProject "Isa-swizzling" */;
			compatibilityVersion = "Xcode 9.3";
			developmentRegion = en;
			hasScannedForEncodings = 0;
			knownRegions = (
				en,
				Base,
			);
			mainGroup = A6D42A5024BBFBC400EE7D9C;
			productRefGroup = A6D42A5A24BBFBC400EE7D9C /* Products */;
			projectDirPath = "";
			projectRoot = "";
			targets = (
				A6D42A5824BBFBC400EE7D9C /* Isa-swizzling */,
			);
		};
/* End PBXProject section */

/* Begin PBXResourcesBuildPhase section */
		A6D42A5724BBFBC400EE7D9C /* Resources */ = {
			isa = PBXResourcesBuildPhase;
			buildActionMask = 2147483647;
			files = (
				A6D42A6C24BBFBC500EE7D9C /* LaunchScreen.storyboard in Resources */,
				A6D42A6924BBFBC500EE7D9C /* Assets.xcassets in Resources */,
				A6D42A6724BBFBC400EE7D9C /* Main.storyboard in Resources */,
			);
			runOnlyForDeploymentPostprocessing = 0;
		};
/* End PBXResourcesBuildPhase section */

/* Begin PBXSourcesBuildPhase section */
		A6D42A5524BBFBC400EE7D9C /* Sources */ = {
			isa = PBXSourcesBuildPhase;
			buildActionMask = 2147483647;
			files = (
				A6D42A6424BBFBC400EE7D9C /* ViewController.m in Sources */,
				A6D42A5E24BBFBC400EE7D9C /* AppDelegate.m in Sources */,
				A6D42A6F24BBFBC500EE7D9C /* main.m in Sources */,
				A6D42A6124BBFBC400EE7D9C /* SceneDelegate.m in Sources */,
			);
			runOnlyForDeploymentPostprocessing = 0;
		};
/* End PBXSourcesBuildPhase section */

/* Begin PBXVariantGroup section */
		A6D42A6524BBFBC400EE7D9C /* Main.storyboard */ = {
			isa = PBXVariantGroup;
			children = (
				A6D42A6624BBFBC400EE7D9C /* Base */,
			);
			name = Main.storyboard;
			sourceTree = "<group>";
		};
		A6D42A6A24BBFBC500EE7D9C /* LaunchScreen.storyboard */ = {
			isa = PBXVariantGroup;
			children = (
				A6D42A6B24BBFBC500EE7D9C /* Base */,
			);
			name = LaunchScreen.storyboard;
			sourceTree = "<group>";
		};
/* End PBXVariantGroup section */

/* Begin XCBuildConfiguration section */
		A6D42A7024BBFBC500EE7D9C /* Debug */ = {
			isa = XCBuildConfiguration;
			buildSettings = {
				ALWAYS_SEARCH_USER_PATHS = NO;
				CLANG_ANALYZER_NONNULL = YES;
				CLANG_ANALYZER_NUMBER_OBJECT_CONVERSION = YES_AGGRESSIVE;
				CLANG_CXX_LANGUAGE_STANDARD = "gnu++14";
				CLANG_CXX_LIBRARY = "libc++";
				CLANG_ENABLE_MODULES = YES;
				CLANG_ENABLE_OBJC_ARC = YES;
				CLANG_ENABLE_OBJC_WEAK = YES;
				CLANG_WARN_BLOCK_CAPTURE_AUTORELEASING = YES;
				CLANG_WARN_BOOL_CONVERSION = YES;
				CLANG_WARN_COMMA = YES;
				CLANG_WARN_CONSTANT_CONVERSION = YES;
				CLANG_WARN_DEPRECATED_OBJC_IMPLEMENTATIONS = YES;
				CLANG_WARN_DIRECT_OBJC_ISA_USAGE = YES_ERROR;
				CLANG_WARN_DOCUMENTATION_COMMENTS = YES;
				CLANG_WARN_EMPTY_BODY = YES;
				CLANG_WARN_ENUM_CONVERSION = YES;
				CLANG_WARN_INFINITE_RECURSION = YES;
				CLANG_WARN_INT_CONVERSION = YES;
				CLANG_WARN_NON_LITERAL_NULL_CONVERSION = YES;
				CLANG_WARN_OBJC_IMPLICIT_RETAIN_SELF = YES;
				CLANG_WARN_OBJC_LITERAL_CONVERSION = YES;
				CLANG_WARN_OBJC_ROOT_CLASS = YES_ERROR;
				CLANG_WARN_RANGE_LOOP_ANALYSIS = YES;
				CLANG_WARN_STRICT_PROTOTYPES = YES;
				CLANG_WARN_SUSPICIOUS_MOVE = YES;
				CLANG_WARN_UNGUARDED_AVAILABILITY = YES_AGGRESSIVE;
				CLANG_WARN_UNREACHABLE_CODE = YES;
				CLANG_WARN__DUPLICATE_METHOD_MATCH = YES;
				COPY_PHASE_STRIP = NO;
				DEBUG_INFORMATION_FORMAT = dwarf;
				ENABLE_STRICT_OBJC_MSGSEND = YES;
				ENABLE_TESTABILITY = YES;
				GCC_C_LANGUAGE_STANDARD = gnu11;
				GCC_DYNAMIC_NO_PIC = NO;
				GCC_NO_COMMON_BLOCKS = YES;
				GCC_OPTIMIZATION_LEVEL = 0;
				GCC_PREPROCESSOR_DEFINITIONS = (
					"DEBUG=1",
					"$(inherited)",
				);
				GCC_WARN_64_TO_32_BIT_CONVERSION = YES;
				GCC_WARN_ABOUT_RETURN_TYPE = YES_ERROR;
				GCC_WARN_UNDECLARED_SELECTOR = YES;
				GCC_WARN_UNINITIALIZED_AUTOS = YES_AGGRESSIVE;
				GCC_WARN_UNUSED_FUNCTION = YES;
				GCC_WARN_UNUSED_VARIABLE = YES;
				IPHONEOS_DEPLOYMENT_TARGET = 13.5;
				MTL_ENABLE_DEBUG_INFO = INCLUDE_SOURCE;
				MTL_FAST_MATH = YES;
				ONLY_ACTIVE_ARCH = YES;
				SDKROOT = iphoneos;
			};
			name = Debug;
		};
		A6D42A7124BBFBC500EE7D9C /* Release */ = {
			isa = XCBuildConfiguration;
			buildSettings = {
				ALWAYS_SEARCH_USER_PATHS = NO;
				CLANG_ANALYZER_NONNULL = YES;
				CLANG_ANALYZER_NUMBER_OBJECT_CONVERSION = YES_AGGRESSIVE;
				CLANG_CXX_LANGUAGE_STANDARD = "gnu++14";
				CLANG_CXX_LIBRARY = "libc++";
				CLANG_ENABLE_MODULES = YES;
				CLANG_ENABLE_OBJC_ARC = YES;
				CLANG_ENABLE_OBJC_WEAK = YES;
				CLANG_WARN_BLOCK_CAPTURE_AUTORELEASING = YES;
				CLANG_WARN_BOOL_CONVERSION = YES;
				CLANG_WARN_COMMA = YES;
				CLANG_WARN_CONSTANT_CONVERSION = YES;
				CLANG_WARN_DEPRECATED_OBJC_IMPLEMENTATIONS = YES;
				CLANG_WARN_DIRECT_OBJC_ISA_USAGE = YES_ERROR;
				CLANG_WARN_DOCUMENTATION_COMMENTS = YES;
				CLANG_WARN_EMPTY_BODY = YES;
				CLANG_WARN_ENUM_CONVERSION = YES;
				CLANG_WARN_INFINITE_RECURSION = YES;
				CLANG_WARN_INT_CONVERSION = YES;
				CLANG_WARN_NON_LITERAL_NULL_CONVERSION = YES;
				CLANG_WARN_OBJC_IMPLICIT_RETAIN_SELF = YES;
				CLANG_WARN_OBJC_LITERAL_CONVERSION = YES;
				CLANG_WARN_OBJC_ROOT_CLASS = YES_ERROR;
				CLANG_WARN_RANGE_LOOP_ANALYSIS = YES;
				CLANG_WARN_STRICT_PROTOTYPES = YES;
				CLANG_WARN_SUSPICIOUS_MOVE = YES;
				CLANG_WARN_UNGUARDED_AVAILABILITY = YES_AGGRESSIVE;
				CLANG_WARN_UNREACHABLE_CODE = YES;
				CLANG_WARN__DUPLICATE_METHOD_MATCH = YES;
				COPY_PHASE_STRIP = NO;
				DEBUG_INFORMATION_FORMAT = "dwarf-with-dsym";
				ENABLE_NS_ASSERTIONS = NO;
				ENABLE_STRICT_OBJC_MSGSEND = YES;
				GCC_C_LANGUAGE_STANDARD = gnu11;
				GCC_NO_COMMON_BLOCKS = YES;
				GCC_WARN_64_TO_32_BIT_CONVERSION = YES;
				GCC_WARN_ABOUT_RETURN_TYPE = YES_ERROR;
				GCC_WARN_UNDECLARED_SELECTOR = YES;
				GCC_WARN_UNINITIALIZED_AUTOS = YES_AGGRESSIVE;
				GCC_WARN_UNUSED_FUNCTION = YES;
				GCC_WARN_UNUSED_VARIABLE = YES;
				IPHONEOS_DEPLOYMENT_TARGET = 13.5;
				MTL_ENABLE_DEBUG_INFO = NO;
				MTL_FAST_MATH = YES;
				SDKROOT = iphoneos;
				VALIDATE_PRODUCT = YES;
			};
			name = Release;
		};
		A6D42A7324BBFBC500EE7D9C /* Debug */ = {
			isa = XCBuildConfiguration;
			buildSettings = {
				ASSETCATALOG_COMPILER_APPICON_NAME = AppIcon;
				CODE_SIGN_STYLE = Automatic;
				INFOPLIST_FILE = "Isa-swizzling/Info.plist";
				LD_RUNPATH_SEARCH_PATHS = (
					"$(inherited)",
					"@executable_path/Frameworks",
				);
				PRODUCT_BUNDLE_IDENTIFIER = "com.ll.Isa-swizzling";
				PRODUCT_NAME = "$(TARGET_NAME)";
				TARGETED_DEVICE_FAMILY = "1,2";
			};
			name = Debug;
		};
		A6D42A7424BBFBC500EE7D9C /* Release */ = {
			isa = XCBuildConfiguration;
			buildSettings = {
				ASSETCATALOG_COMPILER_APPICON_NAME = AppIcon;
				CODE_SIGN_STYLE = Automatic;
				INFOPLIST_FILE = "Isa-swizzling/Info.plist";
				LD_RUNPATH_SEARCH_PATHS = (
					"$(inherited)",
					"@executable_path/Frameworks",
				);
				PRODUCT_BUNDLE_IDENTIFIER = "com.ll.Isa-swizzling";
				PRODUCT_NAME = "$(TARGET_NAME)";
				TARGETED_DEVICE_FAMILY = "1,2";
			};
			name = Release;
		};
/* End XCBuildConfiguration section */

/* Begin XCConfigurationList section */
		A6D42A5424BBFBC400EE7D9C /* Build configuration list for PBXProject "Isa-swizzling" */ = {
			isa = XCConfigurationList;
			buildConfigurations = (
				A6D42A7024BBFBC500EE7D9C /* Debug */,
				A6D42A7124BBFBC500EE7D9C /* Release */,
			);
			defaultConfigurationIsVisible = 0;
			defaultConfigurationName = Release;
		};
		A6D42A7224BBFBC500EE7D9C /* Build configuration list for PBXNativeTarget "Isa-swizzling" */ = {
			isa = XCConfigurationList;
			buildConfigurations = (
				A6D42A7324BBFBC500EE7D9C /* Debug */,
				A6D42A7424BBFBC500EE7D9C /* Release */,
			);
			defaultConfigurationIsVisible = 0;
			defaultConfigurationName = Release;
		};
/* End XCConfigurationList section */
	};
	rootObject = A6D42A5124BBFBC400EE7D9C /* Project object */;
}
